// !$*UTF8*$!
{
	archiveVersion = 1;
	classes = {
	};
	objectVersion = 50;
	objects = {

/* Begin PBXBuildFile section */
		0D160568228C0E04002A5777 /* UIColor+ColorScheme.swift in Sources */ = {isa = PBXBuildFile; fileRef = 0D160567228C0E04002A5777 /* UIColor+ColorScheme.swift */; };
		0D59B5422288C35C00E61C73 /* LabelCollectionViewCell.swift in Sources */ = {isa = PBXBuildFile; fileRef = 0D59B5412288C35C00E61C73 /* LabelCollectionViewCell.swift */; };
		0D59B5442288C3A100E61C73 /* GameViewController.swift in Sources */ = {isa = PBXBuildFile; fileRef = 0D59B5432288C3A100E61C73 /* GameViewController.swift */; };
		0D88AA38227BCC7E00BB3225 /* AppDelegate.swift in Sources */ = {isa = PBXBuildFile; fileRef = 0D88AA37227BCC7E00BB3225 /* AppDelegate.swift */; };
		0D88AA3D227BCC7E00BB3225 /* Main.storyboard in Resources */ = {isa = PBXBuildFile; fileRef = 0D88AA3B227BCC7E00BB3225 /* Main.storyboard */; };
		0D88AA3F227BCC8200BB3225 /* Assets.xcassets in Resources */ = {isa = PBXBuildFile; fileRef = 0D88AA3E227BCC8200BB3225 /* Assets.xcassets */; };
		0D88AA42227BCC8200BB3225 /* LaunchScreen.storyboard in Resources */ = {isa = PBXBuildFile; fileRef = 0D88AA40227BCC8200BB3225 /* LaunchScreen.storyboard */; };
		0D962ABB228764F800F5D7B0 /* WordSearch.swift in Sources */ = {isa = PBXBuildFile; fileRef = 0D962ABA228764F800F5D7B0 /* WordSearch.swift */; };
		0DC76617228755400040CC9D /* Word.swift in Sources */ = {isa = PBXBuildFile; fileRef = 0DC76616228755400040CC9D /* Word.swift */; };
		CFD35AB2350FCDF1C1244BDC /* Pods_Shopify_Fall_2019_Challenge.framework in Frameworks */ = {isa = PBXBuildFile; fileRef = 9B38C8D7C25F45344C511AD3 /* Pods_Shopify_Fall_2019_Challenge.framework */; };
/* End PBXBuildFile section */

/* Begin PBXFileReference section */
		0D160567228C0E04002A5777 /* UIColor+ColorScheme.swift */ = {isa = PBXFileReference; lastKnownFileType = sourcecode.swift; path = "UIColor+ColorScheme.swift"; sourceTree = "<group>"; };
		0D160569228C176D002A5777 /* README.md */ = {isa = PBXFileReference; lastKnownFileType = net.daringfireball.markdown; path = README.md; sourceTree = "<group>"; };
		0D59B5412288C35C00E61C73 /* LabelCollectionViewCell.swift */ = {isa = PBXFileReference; lastKnownFileType = sourcecode.swift; path = LabelCollectionViewCell.swift; sourceTree = "<group>"; };
		0D59B5432288C3A100E61C73 /* GameViewController.swift */ = {isa = PBXFileReference; lastKnownFileType = sourcecode.swift; path = GameViewController.swift; sourceTree = "<group>"; };
		0D88AA34227BCC7E00BB3225 /* Shopify Fall 2019 Challenge.app */ = {isa = PBXFileReference; explicitFileType = wrapper.application; includeInIndex = 0; path = "Shopify Fall 2019 Challenge.app"; sourceTree = BUILT_PRODUCTS_DIR; };
		0D88AA37227BCC7E00BB3225 /* AppDelegate.swift */ = {isa = PBXFileReference; lastKnownFileType = sourcecode.swift; path = AppDelegate.swift; sourceTree = "<group>"; };
		0D88AA3C227BCC7E00BB3225 /* Base */ = {isa = PBXFileReference; lastKnownFileType = file.storyboard; name = Base; path = Base.lproj/Main.storyboard; sourceTree = "<group>"; };
		0D88AA3E227BCC8200BB3225 /* Assets.xcassets */ = {isa = PBXFileReference; lastKnownFileType = folder.assetcatalog; path = Assets.xcassets; sourceTree = "<group>"; };
		0D88AA41227BCC8200BB3225 /* Base */ = {isa = PBXFileReference; lastKnownFileType = file.storyboard; name = Base; path = Base.lproj/LaunchScreen.storyboard; sourceTree = "<group>"; };
		0D88AA43227BCC8200BB3225 /* Info.plist */ = {isa = PBXFileReference; lastKnownFileType = text.plist.xml; path = Info.plist; sourceTree = "<group>"; };
		0D962ABA228764F800F5D7B0 /* WordSearch.swift */ = {isa = PBXFileReference; lastKnownFileType = sourcecode.swift; path = WordSearch.swift; sourceTree = "<group>"; };
		0DC76616228755400040CC9D /* Word.swift */ = {isa = PBXFileReference; lastKnownFileType = sourcecode.swift; path = Word.swift; sourceTree = "<group>"; };
		60F41A6BFD9634DFA711DA14 /* Pods-Shopify Fall 2019 Challenge.debug.xcconfig */ = {isa = PBXFileReference; includeInIndex = 1; lastKnownFileType = text.xcconfig; name = "Pods-Shopify Fall 2019 Challenge.debug.xcconfig"; path = "Pods/Target Support Files/Pods-Shopify Fall 2019 Challenge/Pods-Shopify Fall 2019 Challenge.debug.xcconfig"; sourceTree = "<group>"; };
		9B38C8D7C25F45344C511AD3 /* Pods_Shopify_Fall_2019_Challenge.framework */ = {isa = PBXFileReference; explicitFileType = wrapper.framework; includeInIndex = 0; path = Pods_Shopify_Fall_2019_Challenge.framework; sourceTree = BUILT_PRODUCTS_DIR; };
		BF416F197ACD3E904DE2BC89 /* Pods-Shopify Fall 2019 Challenge.release.xcconfig */ = {isa = PBXFileReference; includeInIndex = 1; lastKnownFileType = text.xcconfig; name = "Pods-Shopify Fall 2019 Challenge.release.xcconfig"; path = "Pods/Target Support Files/Pods-Shopify Fall 2019 Challenge/Pods-Shopify Fall 2019 Challenge.release.xcconfig"; sourceTree = "<group>"; };
/* End PBXFileReference section */

/* Begin PBXFrameworksBuildPhase section */
		0D88AA31227BCC7E00BB3225 /* Frameworks */ = {
			isa = PBXFrameworksBuildPhase;
			buildActionMask = 2147483647;
			files = (
				CFD35AB2350FCDF1C1244BDC /* Pods_Shopify_Fall_2019_Challenge.framework in Frameworks */,
			);
			runOnlyForDeploymentPostprocessing = 0;
		};
/* End PBXFrameworksBuildPhase section */

/* Begin PBXGroup section */
		0D0EA3A637EF0132CF454A9E /* Pods */ = {
			isa = PBXGroup;
			children = (
				60F41A6BFD9634DFA711DA14 /* Pods-Shopify Fall 2019 Challenge.debug.xcconfig */,
				BF416F197ACD3E904DE2BC89 /* Pods-Shopify Fall 2019 Challenge.release.xcconfig */,
			);
			name = Pods;
			sourceTree = "<group>";
		};
		0D160566228C0DE5002A5777 /* Extension */ = {
			isa = PBXGroup;
			children = (
				0D160567228C0E04002A5777 /* UIColor+ColorScheme.swift */,
			);
			path = Extension;
			sourceTree = "<group>";
		};
		0D88AA2B227BCC7E00BB3225 = {
			isa = PBXGroup;
			children = (
				0D160569228C176D002A5777 /* README.md */,
				0D88AA36227BCC7E00BB3225 /* Shopify Fall 2019 Challenge */,
				0D88AA35227BCC7E00BB3225 /* Products */,
				0D0EA3A637EF0132CF454A9E /* Pods */,
				5F1B519921012F1177424DF2 /* Frameworks */,
			);
			sourceTree = "<group>";
		};
		0D88AA35227BCC7E00BB3225 /* Products */ = {
			isa = PBXGroup;
			children = (
				0D88AA34227BCC7E00BB3225 /* Shopify Fall 2019 Challenge.app */,
			);
			name = Products;
			sourceTree = "<group>";
		};
		0D88AA36227BCC7E00BB3225 /* Shopify Fall 2019 Challenge */ = {
			isa = PBXGroup;
			children = (
				0D160566228C0DE5002A5777 /* Extension */,
				0D88AA4B227BCDA000BB3225 /* Controller */,
				0D88AA4A227BCD9A00BB3225 /* View */,
				0D88AA49227BCD2A00BB3225 /* Model */,
				0D88AA37227BCC7E00BB3225 /* AppDelegate.swift */,
				0D88AA3E227BCC8200BB3225 /* Assets.xcassets */,
				0D88AA40227BCC8200BB3225 /* LaunchScreen.storyboard */,
				0D88AA43227BCC8200BB3225 /* Info.plist */,
			);
			path = "Shopify Fall 2019 Challenge";
			sourceTree = "<group>";
		};
		0D88AA49227BCD2A00BB3225 /* Model */ = {
			isa = PBXGroup;
			children = (
				0DC76616228755400040CC9D /* Word.swift */,
				0D962ABA228764F800F5D7B0 /* WordSearch.swift */,
			);
			path = Model;
			sourceTree = "<group>";
		};
		0D88AA4A227BCD9A00BB3225 /* View */ = {
			isa = PBXGroup;
			children = (
				0D88AA3B227BCC7E00BB3225 /* Main.storyboard */,
			);
			path = View;
			sourceTree = "<group>";
		};
		0D88AA4B227BCDA000BB3225 /* Controller */ = {
			isa = PBXGroup;
			children = (
				0D59B5412288C35C00E61C73 /* LabelCollectionViewCell.swift */,
				0D59B5432288C3A100E61C73 /* GameViewController.swift */,
			);
			path = Controller;
			sourceTree = "<group>";
		};
		5F1B519921012F1177424DF2 /* Frameworks */ = {
			isa = PBXGroup;
			children = (
				9B38C8D7C25F45344C511AD3 /* Pods_Shopify_Fall_2019_Challenge.framework */,
			);
			name = Frameworks;
			sourceTree = "<group>";
		};
/* End PBXGroup section */

/* Begin PBXNativeTarget section */
		0D88AA33227BCC7E00BB3225 /* Shopify Fall 2019 Challenge */ = {
			isa = PBXNativeTarget;
			buildConfigurationList = 0D88AA46227BCC8200BB3225 /* Build configuration list for PBXNativeTarget "Shopify Fall 2019 Challenge" */;
			buildPhases = (
				4C093D094283FD446E162C73 /* [CP] Check Pods Manifest.lock */,
				0D88AA30227BCC7E00BB3225 /* Sources */,
				0D88AA31227BCC7E00BB3225 /* Frameworks */,
				0D88AA32227BCC7E00BB3225 /* Resources */,
				6D0EB6BF96787C6588E8AA89 /* [CP] Embed Pods Frameworks */,
			);
			buildRules = (
			);
			dependencies = (
			);
			name = "Shopify Fall 2019 Challenge";
			productName = "Shopify Fall 2019 Challenge";
			productReference = 0D88AA34227BCC7E00BB3225 /* Shopify Fall 2019 Challenge.app */;
			productType = "com.apple.product-type.application";
		};
/* End PBXNativeTarget section */

/* Begin PBXProject section */
		0D88AA2C227BCC7E00BB3225 /* Project object */ = {
			isa = PBXProject;
			attributes = {
				LastSwiftUpdateCheck = 1020;
				LastUpgradeCheck = 1020;
				ORGANIZATIONNAME = "Subhan Chaudhry";
				TargetAttributes = {
					0D88AA33227BCC7E00BB3225 = {
						CreatedOnToolsVersion = 10.2.1;
					};
				};
			};
			buildConfigurationList = 0D88AA2F227BCC7E00BB3225 /* Build configuration list for PBXProject "Shopify Fall 2019 Challenge" */;
			compatibilityVersion = "Xcode 9.3";
			developmentRegion = en;
			hasScannedForEncodings = 0;
			knownRegions = (
				en,
				Base,
			);
			mainGroup = 0D88AA2B227BCC7E00BB3225;
			productRefGroup = 0D88AA35227BCC7E00BB3225 /* Products */;
			projectDirPath = "";
			projectRoot = "";
			targets = (
				0D88AA33227BCC7E00BB3225 /* Shopify Fall 2019 Challenge */,
			);
		};
/* End PBXProject section */

/* Begin PBXResourcesBuildPhase section */
		0D88AA32227BCC7E00BB3225 /* Resources */ = {
			isa = PBXResourcesBuildPhase;
			buildActionMask = 2147483647;
			files = (
				0D88AA42227BCC8200BB3225 /* LaunchScreen.storyboard in Resources */,
				0D88AA3F227BCC8200BB3225 /* Assets.xcassets in Resources */,
				0D88AA3D227BCC7E00BB3225 /* Main.storyboard in Resources */,
			);
			runOnlyForDeploymentPostprocessing = 0;
		};
/* End PBXResourcesBuildPhase section */

/* Begin PBXShellScriptBuildPhase section */
		4C093D094283FD446E162C73 /* [CP] Check Pods Manifest.lock */ = {
			isa = PBXShellScriptBuildPhase;
			buildActionMask = 2147483647;
			files = (
			);
			inputPaths = (
				"${PODS_PODFILE_DIR_PATH}/Podfile.lock",
				"${PODS_ROOT}/Manifest.lock",
			);
			name = "[CP] Check Pods Manifest.lock";
			outputPaths = (
				"$(DERIVED_FILE_DIR)/Pods-Shopify Fall 2019 Challenge-checkManifestLockResult.txt",
			);
			runOnlyForDeploymentPostprocessing = 0;
			shellPath = /bin/sh;
			shellScript = "diff \"${PODS_PODFILE_DIR_PATH}/Podfile.lock\" \"${PODS_ROOT}/Manifest.lock\" > /dev/null\nif [ $? != 0 ] ; then\n    # print error to STDERR\n    echo \"error: The sandbox is not in sync with the Podfile.lock. Run 'pod install' or update your CocoaPods installation.\" >&2\n    exit 1\nfi\n# This output is used by Xcode 'outputs' to avoid re-running this script phase.\necho \"SUCCESS\" > \"${SCRIPT_OUTPUT_FILE_0}\"\n";
			showEnvVarsInLog = 0;
		};
		6D0EB6BF96787C6588E8AA89 /* [CP] Embed Pods Frameworks */ = {
			isa = PBXShellScriptBuildPhase;
			buildActionMask = 2147483647;
			files = (
			);
			inputPaths = (
				"${SRCROOT}/Pods/Target Support Files/Pods-Shopify Fall 2019 Challenge/Pods-Shopify Fall 2019 Challenge-frameworks.sh",
				"${BUILT_PRODUCTS_DIR}/TagListView/TagListView.framework",
			);
			name = "[CP] Embed Pods Frameworks";
			outputPaths = (
				"${TARGET_BUILD_DIR}/${FRAMEWORKS_FOLDER_PATH}/TagListView.framework",
			);
			runOnlyForDeploymentPostprocessing = 0;
			shellPath = /bin/sh;
			shellScript = "\"${SRCROOT}/Pods/Target Support Files/Pods-Shopify Fall 2019 Challenge/Pods-Shopify Fall 2019 Challenge-frameworks.sh\"\n";
			showEnvVarsInLog = 0;
		};
/* End PBXShellScriptBuildPhase section */

/* Begin PBXSourcesBuildPhase section */
		0D88AA30227BCC7E00BB3225 /* Sources */ = {
			isa = PBXSourcesBuildPhase;
			buildActionMask = 2147483647;
			files = (
				0D59B5442288C3A100E61C73 /* GameViewController.swift in Sources */,
				0DC76617228755400040CC9D /* Word.swift in Sources */,
				0D962ABB228764F800F5D7B0 /* WordSearch.swift in Sources */,
				0D88AA38227BCC7E00BB3225 /* AppDelegate.swift in Sources */,
				0D160568228C0E04002A5777 /* UIColor+ColorScheme.swift in Sources */,
				0D59B5422288C35C00E61C73 /* LabelCollectionViewCell.swift in Sources */,
			);
			runOnlyForDeploymentPostprocessing = 0;
		};
/* End PBXSourcesBuildPhase section */

/* Begin PBXVariantGroup section */
		0D88AA3B227BCC7E00BB3225 /* Main.storyboard */ = {
			isa = PBXVariantGroup;
			children = (
				0D88AA3C227BCC7E00BB3225 /* Base */,
			);
			name = Main.storyboard;
			sourceTree = "<group>";
		};
		0D88AA40227BCC8200BB3225 /* LaunchScreen.storyboard */ = {
			isa = PBXVariantGroup;
			children = (
				0D88AA41227BCC8200BB3225 /* Base */,
			);
			name = LaunchScreen.storyboard;
			sourceTree = "<group>";
		};
/* End PBXVariantGroup section */

/* Begin XCBuildConfiguration section */
		0D88AA44227BCC8200BB3225 /* Debug */ = {
			isa = XCBuildConfiguration;
			buildSettings = {
				ALWAYS_SEARCH_USER_PATHS = NO;
				CLANG_ANALYZER_NONNULL = YES;
				CLANG_ANALYZER_NUMBER_OBJECT_CONVERSION = YES_AGGRESSIVE;
				CLANG_CXX_LANGUAGE_STANDARD = "gnu++14";
				CLANG_CXX_LIBRARY = "libc++";
				CLANG_ENABLE_MODULES = YES;
				CLANG_ENABLE_OBJC_ARC = YES;
				CLANG_ENABLE_OBJC_WEAK = YES;
				CLANG_WARN_BLOCK_CAPTURE_AUTORELEASING = YES;
				CLANG_WARN_BOOL_CONVERSION = YES;
				CLANG_WARN_COMMA = YES;
				CLANG_WARN_CONSTANT_CONVERSION = YES;
				CLANG_WARN_DEPRECATED_OBJC_IMPLEMENTATIONS = YES;
				CLANG_WARN_DIRECT_OBJC_ISA_USAGE = YES_ERROR;
				CLANG_WARN_DOCUMENTATION_COMMENTS = YES;
				CLANG_WARN_EMPTY_BODY = YES;
				CLANG_WARN_ENUM_CONVERSION = YES;
				CLANG_WARN_INFINITE_RECURSION = YES;
				CLANG_WARN_INT_CONVERSION = YES;
				CLANG_WARN_NON_LITERAL_NULL_CONVERSION = YES;
				CLANG_WARN_OBJC_IMPLICIT_RETAIN_SELF = YES;
				CLANG_WARN_OBJC_LITERAL_CONVERSION = YES;
				CLANG_WARN_OBJC_ROOT_CLASS = YES_ERROR;
				CLANG_WARN_RANGE_LOOP_ANALYSIS = YES;
				CLANG_WARN_STRICT_PROTOTYPES = YES;
				CLANG_WARN_SUSPICIOUS_MOVE = YES;
				CLANG_WARN_UNGUARDED_AVAILABILITY = YES_AGGRESSIVE;
				CLANG_WARN_UNREACHABLE_CODE = YES;
				CLANG_WARN__DUPLICATE_METHOD_MATCH = YES;
				CODE_SIGN_IDENTITY = "iPhone Developer";
				COPY_PHASE_STRIP = NO;
				DEBUG_INFORMATION_FORMAT = dwarf;
				ENABLE_STRICT_OBJC_MSGSEND = YES;
				ENABLE_TESTABILITY = YES;
				GCC_C_LANGUAGE_STANDARD = gnu11;
				GCC_DYNAMIC_NO_PIC = NO;
				GCC_NO_COMMON_BLOCKS = YES;
				GCC_OPTIMIZATION_LEVEL = 0;
				GCC_PREPROCESSOR_DEFINITIONS = (
					"DEBUG=1",
					"$(inherited)",
				);
				GCC_WARN_64_TO_32_BIT_CONVERSION = YES;
				GCC_WARN_ABOUT_RETURN_TYPE = YES_ERROR;
				GCC_WARN_UNDECLARED_SELECTOR = YES;
				GCC_WARN_UNINITIALIZED_AUTOS = YES_AGGRESSIVE;
				GCC_WARN_UNUSED_FUNCTION = YES;
				GCC_WARN_UNUSED_VARIABLE = YES;
				IPHONEOS_DEPLOYMENT_TARGET = 12.2;
				MTL_ENABLE_DEBUG_INFO = INCLUDE_SOURCE;
				MTL_FAST_MATH = YES;
				ONLY_ACTIVE_ARCH = YES;
				SDKROOT = iphoneos;
				SWIFT_ACTIVE_COMPILATION_CONDITIONS = DEBUG;
				SWIFT_OPTIMIZATION_LEVEL = "-Onone";
			};
			name = Debug;
		};
		0D88AA45227BCC8200BB3225 /* Release */ = {
			isa = XCBuildConfiguration;
			buildSettings = {
				ALWAYS_SEARCH_USER_PATHS = NO;
				CLANG_ANALYZER_NONNULL = YES;
				CLANG_ANALYZER_NUMBER_OBJECT_CONVERSION = YES_AGGRESSIVE;
				CLANG_CXX_LANGUAGE_STANDARD = "gnu++14";
				CLANG_CXX_LIBRARY = "libc++";
				CLANG_ENABLE_MODULES = YES;
				CLANG_ENABLE_OBJC_ARC = YES;
				CLANG_ENABLE_OBJC_WEAK = YES;
				CLANG_WARN_BLOCK_CAPTURE_AUTORELEASING = YES;
				CLANG_WARN_BOOL_CONVERSION = YES;
				CLANG_WARN_COMMA = YES;
				CLANG_WARN_CONSTANT_CONVERSION = YES;
				CLANG_WARN_DEPRECATED_OBJC_IMPLEMENTATIONS = YES;
				CLANG_WARN_DIRECT_OBJC_ISA_USAGE = YES_ERROR;
				CLANG_WARN_DOCUMENTATION_COMMENTS = YES;
				CLANG_WARN_EMPTY_BODY = YES;
				CLANG_WARN_ENUM_CONVERSION = YES;
				CLANG_WARN_INFINITE_RECURSION = YES;
				CLANG_WARN_INT_CONVERSION = YES;
				CLANG_WARN_NON_LITERAL_NULL_CONVERSION = YES;
				CLANG_WARN_OBJC_IMPLICIT_RETAIN_SELF = YES;
				CLANG_WARN_OBJC_LITERAL_CONVERSION = YES;
				CLANG_WARN_OBJC_ROOT_CLASS = YES_ERROR;
				CLANG_WARN_RANGE_LOOP_ANALYSIS = YES;
				CLANG_WARN_STRICT_PROTOTYPES = YES;
				CLANG_WARN_SUSPICIOUS_MOVE = YES;
				CLANG_WARN_UNGUARDED_AVAILABILITY = YES_AGGRESSIVE;
				CLANG_WARN_UNREACHABLE_CODE = YES;
				CLANG_WARN__DUPLICATE_METHOD_MATCH = YES;
				CODE_SIGN_IDENTITY = "iPhone Developer";
				COPY_PHASE_STRIP = NO;
				DEBUG_INFORMATION_FORMAT = "dwarf-with-dsym";
				ENABLE_NS_ASSERTIONS = NO;
				ENABLE_STRICT_OBJC_MSGSEND = YES;
				GCC_C_LANGUAGE_STANDARD = gnu11;
				GCC_NO_COMMON_BLOCKS = YES;
				GCC_WARN_64_TO_32_BIT_CONVERSION = YES;
				GCC_WARN_ABOUT_RETURN_TYPE = YES_ERROR;
				GCC_WARN_UNDECLARED_SELECTOR = YES;
				GCC_WARN_UNINITIALIZED_AUTOS = YES_AGGRESSIVE;
				GCC_WARN_UNUSED_FUNCTION = YES;
				GCC_WARN_UNUSED_VARIABLE = YES;
				IPHONEOS_DEPLOYMENT_TARGET = 12.2;
				MTL_ENABLE_DEBUG_INFO = NO;
				MTL_FAST_MATH = YES;
				SDKROOT = iphoneos;
				SWIFT_COMPILATION_MODE = wholemodule;
				SWIFT_OPTIMIZATION_LEVEL = "-O";
				VALIDATE_PRODUCT = YES;
			};
			name = Release;
		};
		0D88AA47227BCC8200BB3225 /* Debug */ = {
			isa = XCBuildConfiguration;
			baseConfigurationReference = 60F41A6BFD9634DFA711DA14 /* Pods-Shopify Fall 2019 Challenge.debug.xcconfig */;
			buildSettings = {
				ASSETCATALOG_COMPILER_APPICON_NAME = AppIcon;
				CODE_SIGN_STYLE = Automatic;
				DEVELOPMENT_TEAM = SLTGPT2738;
				INFOPLIST_FILE = "Shopify Fall 2019 Challenge/Info.plist";
				LD_RUNPATH_SEARCH_PATHS = (
					"$(inherited)",
					"@executable_path/Frameworks",
				);
				PRODUCT_BUNDLE_IDENTIFIER = "com.Subhan.Shopify-Fall-2019-Challenge";
				PRODUCT_NAME = "$(TARGET_NAME)";
				SWIFT_VERSION = 5.0;
				TARGETED_DEVICE_FAMILY = "1,2";
			};
			name = Debug;
		};
		0D88AA48227BCC8200BB3225 /* Release */ = {
			isa = XCBuildConfiguration;
			baseConfigurationReference = BF416F197ACD3E904DE2BC89 /* Pods-Shopify Fall 2019 Challenge.release.xcconfig */;
			buildSettings = {
				ASSETCATALOG_COMPILER_APPICON_NAME = AppIcon;
				CODE_SIGN_STYLE = Automatic;
				DEVELOPMENT_TEAM = SLTGPT2738;
				INFOPLIST_FILE = "Shopify Fall 2019 Challenge/Info.plist";
				LD_RUNPATH_SEARCH_PATHS = (
					"$(inherited)",
					"@executable_path/Frameworks",
				);
				PRODUCT_BUNDLE_IDENTIFIER = "com.Subhan.Shopify-Fall-2019-Challenge";
				PRODUCT_NAME = "$(TARGET_NAME)";
				SWIFT_VERSION = 5.0;
				TARGETED_DEVICE_FAMILY = "1,2";
			};
			name = Release;
		};
/* End XCBuildConfiguration section */

/* Begin XCConfigurationList section */
		0D88AA2F227BCC7E00BB3225 /* Build configuration list for PBXProject "Shopify Fall 2019 Challenge" */ = {
			isa = XCConfigurationList;
			buildConfigurations = (
				0D88AA44227BCC8200BB3225 /* Debug */,
				0D88AA45227BCC8200BB3225 /* Release */,
			);
			defaultConfigurationIsVisible = 0;
			defaultConfigurationName = Release;
		};
		0D88AA46227BCC8200BB3225 /* Build configuration list for PBXNativeTarget "Shopify Fall 2019 Challenge" */ = {
			isa = XCConfigurationList;
			buildConfigurations = (
				0D88AA47227BCC8200BB3225 /* Debug */,
				0D88AA48227BCC8200BB3225 /* Release */,
			);
			defaultConfigurationIsVisible = 0;
			defaultConfigurationName = Release;
		};
/* End XCConfigurationList section */
	};
	rootObject = 0D88AA2C227BCC7E00BB3225 /* Project object */;
}
